
Microsoft Visual Studio Solution File, Format Version 12.00
# Visual Studio Version 17
VisualStudioVersion = 17.4.33213.308
MinimumVisualStudioVersion = 10.0.40219.1
Project("{FAE04EC0-301F-11D3-BF4B-00C04F79EFBC}") = "PagosCredito", "PagosCredito\PagosCredito.csproj", "{A632B87A-0520-4AB5-B40B-CCBF5910466B}"
EndProject
Global
	GlobalSection(SolutionConfigurationPlatforms) = preSolution
		Debug|Any CPU = Debug|Any CPU
		Release|Any CPU = Release|Any CPU
	EndGlobalSection
	GlobalSection(ProjectConfigurationPlatforms) = postSolution
		{A632B87A-0520-4AB5-B40B-CCBF5910466B}.Debug|Any CPU.ActiveCfg = Debug|Any CPU
		{A632B87A-0520-4AB5-B40B-CCBF5910466B}.Debug|Any CPU.Build.0 = Debug|Any CPU
		{A632B87A-0520-4AB5-B40B-CCBF5910466B}.Release|Any CPU.ActiveCfg = Release|Any CPU
		{A632B87A-0520-4AB5-B40B-CCBF5910466B}.Release|Any CPU.Build.0 = Release|Any CPU
	EndGlobalSection
	GlobalSection(SolutionProperties) = preSolution
		HideSolutionNode = FALSE
	EndGlobalSection
	GlobalSection(ExtensibilityGlobals) = postSolution
		SolutionGuid = {B58D610B-B10A-493C-98FB-FD94B8B2FAEC}
	EndGlobalSection
EndGlobal
